// !$*UTF8*$!
{
	archiveVersion = 1;
	classes = {
	};
	objectVersion = 50;
	objects = {

/* Begin PBXBuildFile section */
		397913B7241940A000EA8BC7 /* GameProtocol.swift in Sources */ = {isa = PBXBuildFile; fileRef = 397913B6241940A000EA8BC7 /* GameProtocol.swift */; };
		397913B9241941BC00EA8BC7 /* Constants.swift in Sources */ = {isa = PBXBuildFile; fileRef = 397913B8241941BC00EA8BC7 /* Constants.swift */; };
		39F26AF52418CBDF008D58E4 /* Game.swift in Sources */ = {isa = PBXBuildFile; fileRef = 39F26AF42418CBDF008D58E4 /* Game.swift */; };
		39F526152418B75700CD871D /* AppDelegate.swift in Sources */ = {isa = PBXBuildFile; fileRef = 39F526142418B75700CD871D /* AppDelegate.swift */; };
		39F526192418B75700CD871D /* ViewController.swift in Sources */ = {isa = PBXBuildFile; fileRef = 39F526182418B75700CD871D /* ViewController.swift */; };
		39F5261C2418B75700CD871D /* Main.storyboard in Resources */ = {isa = PBXBuildFile; fileRef = 39F5261A2418B75700CD871D /* Main.storyboard */; };
		39F5261E2418B75900CD871D /* Assets.xcassets in Resources */ = {isa = PBXBuildFile; fileRef = 39F5261D2418B75900CD871D /* Assets.xcassets */; };
		39F526212418B75900CD871D /* LaunchScreen.storyboard in Resources */ = {isa = PBXBuildFile; fileRef = 39F5261F2418B75900CD871D /* LaunchScreen.storyboard */; };
		39F5262D2418B80A00CD871D /* CardImageCell.swift in Sources */ = {isa = PBXBuildFile; fileRef = 39F5262B2418B80A00CD871D /* CardImageCell.swift */; };
		39F526302418B8BA00CD871D /* Card.swift in Sources */ = {isa = PBXBuildFile; fileRef = 39F5262F2418B8BA00CD871D /* Card.swift */; };
		39F526322418BE3E00CD871D /* CardProvider.swift in Sources */ = {isa = PBXBuildFile; fileRef = 39F526312418BE3E00CD871D /* CardProvider.swift */; };
/* End PBXBuildFile section */

/* Begin PBXFileReference section */
		397913B6241940A000EA8BC7 /* GameProtocol.swift */ = {isa = PBXFileReference; lastKnownFileType = sourcecode.swift; path = GameProtocol.swift; sourceTree = "<group>"; };
		397913B8241941BC00EA8BC7 /* Constants.swift */ = {isa = PBXFileReference; lastKnownFileType = sourcecode.swift; path = Constants.swift; sourceTree = "<group>"; };
		39F26AF42418CBDF008D58E4 /* Game.swift */ = {isa = PBXFileReference; lastKnownFileType = sourcecode.swift; path = Game.swift; sourceTree = "<group>"; };
		39F526112418B75700CD871D /* MemoryCard.app */ = {isa = PBXFileReference; explicitFileType = wrapper.application; includeInIndex = 0; path = MemoryCard.app; sourceTree = BUILT_PRODUCTS_DIR; };
		39F526142418B75700CD871D /* AppDelegate.swift */ = {isa = PBXFileReference; lastKnownFileType = sourcecode.swift; path = AppDelegate.swift; sourceTree = "<group>"; };
		39F526182418B75700CD871D /* ViewController.swift */ = {isa = PBXFileReference; lastKnownFileType = sourcecode.swift; path = ViewController.swift; sourceTree = "<group>"; };
		39F5261B2418B75700CD871D /* Base */ = {isa = PBXFileReference; lastKnownFileType = file.storyboard; name = Base; path = Base.lproj/Main.storyboard; sourceTree = "<group>"; };
		39F5261D2418B75900CD871D /* Assets.xcassets */ = {isa = PBXFileReference; lastKnownFileType = folder.assetcatalog; path = Assets.xcassets; sourceTree = "<group>"; };
		39F526202418B75900CD871D /* Base */ = {isa = PBXFileReference; lastKnownFileType = file.storyboard; name = Base; path = Base.lproj/LaunchScreen.storyboard; sourceTree = "<group>"; };
		39F526222418B75900CD871D /* Info.plist */ = {isa = PBXFileReference; lastKnownFileType = text.plist.xml; path = Info.plist; sourceTree = "<group>"; };
		39F5262B2418B80A00CD871D /* CardImageCell.swift */ = {isa = PBXFileReference; lastKnownFileType = sourcecode.swift; path = CardImageCell.swift; sourceTree = "<group>"; };
		39F5262F2418B8BA00CD871D /* Card.swift */ = {isa = PBXFileReference; lastKnownFileType = sourcecode.swift; path = Card.swift; sourceTree = "<group>"; };
		39F526312418BE3E00CD871D /* CardProvider.swift */ = {isa = PBXFileReference; lastKnownFileType = sourcecode.swift; path = CardProvider.swift; sourceTree = "<group>"; };
/* End PBXFileReference section */

/* Begin PBXFrameworksBuildPhase section */
		39F5260E2418B75700CD871D /* Frameworks */ = {
			isa = PBXFrameworksBuildPhase;
			buildActionMask = 2147483647;
			files = (
			);
			runOnlyForDeploymentPostprocessing = 0;
		};
/* End PBXFrameworksBuildPhase section */

/* Begin PBXGroup section */
		397913B52419408800EA8BC7 /* Utils */ = {
			isa = PBXGroup;
			children = (
				397913B6241940A000EA8BC7 /* GameProtocol.swift */,
				397913B8241941BC00EA8BC7 /* Constants.swift */,
			);
			path = Utils;
			sourceTree = "<group>";
		};
		39F526082418B75600CD871D = {
			isa = PBXGroup;
			children = (
				39F526132418B75700CD871D /* MemoryCard */,
				39F526122418B75700CD871D /* Products */,
			);
			sourceTree = "<group>";
		};
		39F526122418B75700CD871D /* Products */ = {
			isa = PBXGroup;
			children = (
				39F526112418B75700CD871D /* MemoryCard.app */,
			);
			name = Products;
			sourceTree = "<group>";
		};
		39F526132418B75700CD871D /* MemoryCard */ = {
			isa = PBXGroup;
			children = (
				397913B52419408800EA8BC7 /* Utils */,
				39F526332418C75900CD871D /* Supporting Files */,
				39F5262A2418B7CA00CD871D /* Model */,
				39F526292418B7C500CD871D /* View */,
				39F526282418B7BA00CD871D /* Controller */,
			);
			path = MemoryCard;
			sourceTree = "<group>";
		};
		39F526282418B7BA00CD871D /* Controller */ = {
			isa = PBXGroup;
			children = (
				39F526182418B75700CD871D /* ViewController.swift */,
			);
			path = Controller;
			sourceTree = "<group>";
		};
		39F526292418B7C500CD871D /* View */ = {
			isa = PBXGroup;
			children = (
				39F5262B2418B80A00CD871D /* CardImageCell.swift */,
			);
			path = View;
			sourceTree = "<group>";
		};
		39F5262A2418B7CA00CD871D /* Model */ = {
			isa = PBXGroup;
			children = (
				39F5262F2418B8BA00CD871D /* Card.swift */,
				39F526312418BE3E00CD871D /* CardProvider.swift */,
				39F26AF42418CBDF008D58E4 /* Game.swift */,
			);
			path = Model;
			sourceTree = "<group>";
		};
		39F526332418C75900CD871D /* Supporting Files */ = {
			isa = PBXGroup;
			children = (
				39F526142418B75700CD871D /* AppDelegate.swift */,
				39F5261A2418B75700CD871D /* Main.storyboard */,
				39F5261D2418B75900CD871D /* Assets.xcassets */,
				39F5261F2418B75900CD871D /* LaunchScreen.storyboard */,
				39F526222418B75900CD871D /* Info.plist */,
			);
			path = "Supporting Files";
			sourceTree = "<group>";
		};
/* End PBXGroup section */

/* Begin PBXNativeTarget section */
		39F526102418B75700CD871D /* MemoryCard */ = {
			isa = PBXNativeTarget;
			buildConfigurationList = 39F526252418B75900CD871D /* Build configuration list for PBXNativeTarget "MemoryCard" */;
			buildPhases = (
				39F5260D2418B75700CD871D /* Sources */,
				39F5260E2418B75700CD871D /* Frameworks */,
				39F5260F2418B75700CD871D /* Resources */,
			);
			buildRules = (
			);
			dependencies = (
			);
			name = MemoryCard;
			productName = MemoryCard;
			productReference = 39F526112418B75700CD871D /* MemoryCard.app */;
			productType = "com.apple.product-type.application";
		};
/* End PBXNativeTarget section */

/* Begin PBXProject section */
		39F526092418B75700CD871D /* Project object */ = {
			isa = PBXProject;
			attributes = {
				LastSwiftUpdateCheck = 1130;
				LastUpgradeCheck = 1130;
				ORGANIZATIONNAME = MemoryCard;
				TargetAttributes = {
					39F526102418B75700CD871D = {
						CreatedOnToolsVersion = 11.3.1;
					};
				};
			};
			buildConfigurationList = 39F5260C2418B75700CD871D /* Build configuration list for PBXProject "MemoryCard" */;
			compatibilityVersion = "Xcode 9.3";
			developmentRegion = en;
			hasScannedForEncodings = 0;
			knownRegions = (
				en,
				Base,
			);
			mainGroup = 39F526082418B75600CD871D;
			productRefGroup = 39F526122418B75700CD871D /* Products */;
			projectDirPath = "";
			projectRoot = "";
			targets = (
				39F526102418B75700CD871D /* MemoryCard */,
			);
		};
/* End PBXProject section */

/* Begin PBXResourcesBuildPhase section */
		39F5260F2418B75700CD871D /* Resources */ = {
			isa = PBXResourcesBuildPhase;
			buildActionMask = 2147483647;
			files = (
				39F526212418B75900CD871D /* LaunchScreen.storyboard in Resources */,
				39F5261E2418B75900CD871D /* Assets.xcassets in Resources */,
				39F5261C2418B75700CD871D /* Main.storyboard in Resources */,
			);
			runOnlyForDeploymentPostprocessing = 0;
		};
/* End PBXResourcesBuildPhase section */

/* Begin PBXSourcesBuildPhase section */
		39F5260D2418B75700CD871D /* Sources */ = {
			isa = PBXSourcesBuildPhase;
			buildActionMask = 2147483647;
			files = (
				39F526322418BE3E00CD871D /* CardProvider.swift in Sources */,
				39F26AF52418CBDF008D58E4 /* Game.swift in Sources */,
				39F526192418B75700CD871D /* ViewController.swift in Sources */,
				39F5262D2418B80A00CD871D /* CardImageCell.swift in Sources */,
				39F526152418B75700CD871D /* AppDelegate.swift in Sources */,
				39F526302418B8BA00CD871D /* Card.swift in Sources */,
				397913B7241940A000EA8BC7 /* GameProtocol.swift in Sources */,
				397913B9241941BC00EA8BC7 /* Constants.swift in Sources */,
			);
			runOnlyForDeploymentPostprocessing = 0;
		};
/* End PBXSourcesBuildPhase section */

/* Begin PBXVariantGroup section */
		39F5261A2418B75700CD871D /* Main.storyboard */ = {
			isa = PBXVariantGroup;
			children = (
				39F5261B2418B75700CD871D /* Base */,
			);
			name = Main.storyboard;
			sourceTree = "<group>";
		};
		39F5261F2418B75900CD871D /* LaunchScreen.storyboard */ = {
			isa = PBXVariantGroup;
			children = (
				39F526202418B75900CD871D /* Base */,
			);
			name = LaunchScreen.storyboard;
			sourceTree = "<group>";
		};
/* End PBXVariantGroup section */

/* Begin XCBuildConfiguration section */
		39F526232418B75900CD871D /* Debug */ = {
			isa = XCBuildConfiguration;
			buildSettings = {
				ALWAYS_SEARCH_USER_PATHS = NO;
				CLANG_ANALYZER_NONNULL = YES;
				CLANG_ANALYZER_NUMBER_OBJECT_CONVERSION = YES_AGGRESSIVE;
				CLANG_CXX_LANGUAGE_STANDARD = "gnu++14";
				CLANG_CXX_LIBRARY = "libc++";
				CLANG_ENABLE_MODULES = YES;
				CLANG_ENABLE_OBJC_ARC = YES;
				CLANG_ENABLE_OBJC_WEAK = YES;
				CLANG_WARN_BLOCK_CAPTURE_AUTORELEASING = YES;
				CLANG_WARN_BOOL_CONVERSION = YES;
				CLANG_WARN_COMMA = YES;
				CLANG_WARN_CONSTANT_CONVERSION = YES;
				CLANG_WARN_DEPRECATED_OBJC_IMPLEMENTATIONS = YES;
				CLANG_WARN_DIRECT_OBJC_ISA_USAGE = YES_ERROR;
				CLANG_WARN_DOCUMENTATION_COMMENTS = YES;
				CLANG_WARN_EMPTY_BODY = YES;
				CLANG_WARN_ENUM_CONVERSION = YES;
				CLANG_WARN_INFINITE_RECURSION = YES;
				CLANG_WARN_INT_CONVERSION = YES;
				CLANG_WARN_NON_LITERAL_NULL_CONVERSION = YES;
				CLANG_WARN_OBJC_IMPLICIT_RETAIN_SELF = YES;
				CLANG_WARN_OBJC_LITERAL_CONVERSION = YES;
				CLANG_WARN_OBJC_ROOT_CLASS = YES_ERROR;
				CLANG_WARN_RANGE_LOOP_ANALYSIS = YES;
				CLANG_WARN_STRICT_PROTOTYPES = YES;
				CLANG_WARN_SUSPICIOUS_MOVE = YES;
				CLANG_WARN_UNGUARDED_AVAILABILITY = YES_AGGRESSIVE;
				CLANG_WARN_UNREACHABLE_CODE = YES;
				CLANG_WARN__DUPLICATE_METHOD_MATCH = YES;
				COPY_PHASE_STRIP = NO;
				DEBUG_INFORMATION_FORMAT = dwarf;
				ENABLE_STRICT_OBJC_MSGSEND = YES;
				ENABLE_TESTABILITY = YES;
				GCC_C_LANGUAGE_STANDARD = gnu11;
				GCC_DYNAMIC_NO_PIC = NO;
				GCC_NO_COMMON_BLOCKS = YES;
				GCC_OPTIMIZATION_LEVEL = 0;
				GCC_PREPROCESSOR_DEFINITIONS = (
					"DEBUG=1",
					"$(inherited)",
				);
				GCC_WARN_64_TO_32_BIT_CONVERSION = YES;
				GCC_WARN_ABOUT_RETURN_TYPE = YES_ERROR;
				GCC_WARN_UNDECLARED_SELECTOR = YES;
				GCC_WARN_UNINITIALIZED_AUTOS = YES_AGGRESSIVE;
				GCC_WARN_UNUSED_FUNCTION = YES;
				GCC_WARN_UNUSED_VARIABLE = YES;
				IPHONEOS_DEPLOYMENT_TARGET = 13.2;
				MTL_ENABLE_DEBUG_INFO = INCLUDE_SOURCE;
				MTL_FAST_MATH = YES;
				ONLY_ACTIVE_ARCH = YES;
				SDKROOT = iphoneos;
				SWIFT_ACTIVE_COMPILATION_CONDITIONS = DEBUG;
				SWIFT_OPTIMIZATION_LEVEL = "-Onone";
			};
			name = Debug;
		};
		39F526242418B75900CD871D /* Release */ = {
			isa = XCBuildConfiguration;
			buildSettings = {
				ALWAYS_SEARCH_USER_PATHS = NO;
				CLANG_ANALYZER_NONNULL = YES;
				CLANG_ANALYZER_NUMBER_OBJECT_CONVERSION = YES_AGGRESSIVE;
				CLANG_CXX_LANGUAGE_STANDARD = "gnu++14";
				CLANG_CXX_LIBRARY = "libc++";
				CLANG_ENABLE_MODULES = YES;
				CLANG_ENABLE_OBJC_ARC = YES;
				CLANG_ENABLE_OBJC_WEAK = YES;
				CLANG_WARN_BLOCK_CAPTURE_AUTORELEASING = YES;
				CLANG_WARN_BOOL_CONVERSION = YES;
				CLANG_WARN_COMMA = YES;
				CLANG_WARN_CONSTANT_CONVERSION = YES;
				CLANG_WARN_DEPRECATED_OBJC_IMPLEMENTATIONS = YES;
				CLANG_WARN_DIRECT_OBJC_ISA_USAGE = YES_ERROR;
				CLANG_WARN_DOCUMENTATION_COMMENTS = YES;
				CLANG_WARN_EMPTY_BODY = YES;
				CLANG_WARN_ENUM_CONVERSION = YES;
				CLANG_WARN_INFINITE_RECURSION = YES;
				CLANG_WARN_INT_CONVERSION = YES;
				CLANG_WARN_NON_LITERAL_NULL_CONVERSION = YES;
				CLANG_WARN_OBJC_IMPLICIT_RETAIN_SELF = YES;
				CLANG_WARN_OBJC_LITERAL_CONVERSION = YES;
				CLANG_WARN_OBJC_ROOT_CLASS = YES_ERROR;
				CLANG_WARN_RANGE_LOOP_ANALYSIS = YES;
				CLANG_WARN_STRICT_PROTOTYPES = YES;
				CLANG_WARN_SUSPICIOUS_MOVE = YES;
				CLANG_WARN_UNGUARDED_AVAILABILITY = YES_AGGRESSIVE;
				CLANG_WARN_UNREACHABLE_CODE = YES;
				CLANG_WARN__DUPLICATE_METHOD_MATCH = YES;
				COPY_PHASE_STRIP = NO;
				DEBUG_INFORMATION_FORMAT = "dwarf-with-dsym";
				ENABLE_NS_ASSERTIONS = NO;
				ENABLE_STRICT_OBJC_MSGSEND = YES;
				GCC_C_LANGUAGE_STANDARD = gnu11;
				GCC_NO_COMMON_BLOCKS = YES;
				GCC_WARN_64_TO_32_BIT_CONVERSION = YES;
				GCC_WARN_ABOUT_RETURN_TYPE = YES_ERROR;
				GCC_WARN_UNDECLARED_SELECTOR = YES;
				GCC_WARN_UNINITIALIZED_AUTOS = YES_AGGRESSIVE;
				GCC_WARN_UNUSED_FUNCTION = YES;
				GCC_WARN_UNUSED_VARIABLE = YES;
				IPHONEOS_DEPLOYMENT_TARGET = 13.2;
				MTL_ENABLE_DEBUG_INFO = NO;
				MTL_FAST_MATH = YES;
				SDKROOT = iphoneos;
				SWIFT_COMPILATION_MODE = wholemodule;
				SWIFT_OPTIMIZATION_LEVEL = "-O";
				VALIDATE_PRODUCT = YES;
			};
			name = Release;
		};
		39F526262418B75900CD871D /* Debug */ = {
			isa = XCBuildConfiguration;
			buildSettings = {
				ASSETCATALOG_COMPILER_APPICON_NAME = AppIcon;
				CODE_SIGN_STYLE = Automatic;
				DEVELOPMENT_TEAM = GJ654J93NT;
				INFOPLIST_FILE = "MemoryCard/Supporting Files/Info.plist";
				LD_RUNPATH_SEARCH_PATHS = (
					"$(inherited)",
					"@executable_path/Frameworks",
				);
				PRODUCT_BUNDLE_IDENTIFIER = local.test.MemoryCard;
				PRODUCT_NAME = "$(TARGET_NAME)";
				SWIFT_VERSION = 5.0;
				TARGETED_DEVICE_FAMILY = "1,2";
			};
			name = Debug;
		};
		39F526272418B75900CD871D /* Release */ = {
			isa = XCBuildConfiguration;
			buildSettings = {
				ASSETCATALOG_COMPILER_APPICON_NAME = AppIcon;
				CODE_SIGN_STYLE = Automatic;
				DEVELOPMENT_TEAM = GJ654J93NT;
				INFOPLIST_FILE = "MemoryCard/Supporting Files/Info.plist";
				LD_RUNPATH_SEARCH_PATHS = (
					"$(inherited)",
					"@executable_path/Frameworks",
				);
				PRODUCT_BUNDLE_IDENTIFIER = local.test.MemoryCard;
				PRODUCT_NAME = "$(TARGET_NAME)";
				SWIFT_VERSION = 5.0;
				TARGETED_DEVICE_FAMILY = "1,2";
			};
			name = Release;
		};
/* End XCBuildConfiguration section */

/* Begin XCConfigurationList section */
		39F5260C2418B75700CD871D /* Build configuration list for PBXProject "MemoryCard" */ = {
			isa = XCConfigurationList;
			buildConfigurations = (
				39F526232418B75900CD871D /* Debug */,
				39F526242418B75900CD871D /* Release */,
			);
			defaultConfigurationIsVisible = 0;
			defaultConfigurationName = Release;
		};
		39F526252418B75900CD871D /* Build configuration list for PBXNativeTarget "MemoryCard" */ = {
			isa = XCConfigurationList;
			buildConfigurations = (
				39F526262418B75900CD871D /* Debug */,
				39F526272418B75900CD871D /* Release */,
			);
			defaultConfigurationIsVisible = 0;
			defaultConfigurationName = Release;
		};
/* End XCConfigurationList section */
	};
	rootObject = 39F526092418B75700CD871D /* Project object */;
}
